// !$*UTF8*$!
{
	archiveVersion = 1;
	classes = {
	};
	objectVersion = 46;
	objects = {

/* Begin PBXBuildFile section */
		45E2396C1F18909400A8558A /* AppDelegate.swift in Sources */ = {isa = PBXBuildFile; fileRef = 45E2396B1F18909400A8558A /* AppDelegate.swift */; };
		45E2396E1F18909400A8558A /* ViewController.swift in Sources */ = {isa = PBXBuildFile; fileRef = 45E2396D1F18909400A8558A /* ViewController.swift */; };
		45E239711F18909400A8558A /* Main.storyboard in Resources */ = {isa = PBXBuildFile; fileRef = 45E2396F1F18909400A8558A /* Main.storyboard */; };
		45E239731F18909400A8558A /* Assets.xcassets in Resources */ = {isa = PBXBuildFile; fileRef = 45E239721F18909400A8558A /* Assets.xcassets */; };
		45E239761F18909400A8558A /* LaunchScreen.storyboard in Resources */ = {isa = PBXBuildFile; fileRef = 45E239741F18909400A8558A /* LaunchScreen.storyboard */; };
		45E239811F18909500A8558A /* PushVCInBackGroundPracticeTests.swift in Sources */ = {isa = PBXBuildFile; fileRef = 45E239801F18909500A8558A /* PushVCInBackGroundPracticeTests.swift */; };
		45E2398C1F18909500A8558A /* PushVCInBackGroundPracticeUITests.swift in Sources */ = {isa = PBXBuildFile; fileRef = 45E2398B1F18909500A8558A /* PushVCInBackGroundPracticeUITests.swift */; };
/* End PBXBuildFile section */

/* Begin PBXContainerItemProxy section */
		45E2397D1F18909500A8558A /* PBXContainerItemProxy */ = {
			isa = PBXContainerItemProxy;
			containerPortal = 45E239601F18909400A8558A /* Project object */;
			proxyType = 1;
			remoteGlobalIDString = 45E239671F18909400A8558A;
			remoteInfo = PushVCInBackGroundPractice;
		};
		45E239881F18909500A8558A /* PBXContainerItemProxy */ = {
			isa = PBXContainerItemProxy;
			containerPortal = 45E239601F18909400A8558A /* Project object */;
			proxyType = 1;
			remoteGlobalIDString = 45E239671F18909400A8558A;
			remoteInfo = PushVCInBackGroundPractice;
		};
/* End PBXContainerItemProxy section */

/* Begin PBXFileReference section */
		45E239681F18909400A8558A /* PushVCInBackGroundPractice.app */ = {isa = PBXFileReference; explicitFileType = wrapper.application; includeInIndex = 0; path = PushVCInBackGroundPractice.app; sourceTree = BUILT_PRODUCTS_DIR; };
		45E2396B1F18909400A8558A /* AppDelegate.swift */ = {isa = PBXFileReference; lastKnownFileType = sourcecode.swift; path = AppDelegate.swift; sourceTree = "<group>"; };
		45E2396D1F18909400A8558A /* ViewController.swift */ = {isa = PBXFileReference; lastKnownFileType = sourcecode.swift; path = ViewController.swift; sourceTree = "<group>"; };
		45E239701F18909400A8558A /* Base */ = {isa = PBXFileReference; lastKnownFileType = file.storyboard; name = Base; path = Base.lproj/Main.storyboard; sourceTree = "<group>"; };
		45E239721F18909400A8558A /* Assets.xcassets */ = {isa = PBXFileReference; lastKnownFileType = folder.assetcatalog; path = Assets.xcassets; sourceTree = "<group>"; };
		45E239751F18909400A8558A /* Base */ = {isa = PBXFileReference; lastKnownFileType = file.storyboard; name = Base; path = Base.lproj/LaunchScreen.storyboard; sourceTree = "<group>"; };
		45E239771F18909500A8558A /* Info.plist */ = {isa = PBXFileReference; lastKnownFileType = text.plist.xml; path = Info.plist; sourceTree = "<group>"; };
		45E2397C1F18909500A8558A /* PushVCInBackGroundPracticeTests.xctest */ = {isa = PBXFileReference; explicitFileType = wrapper.cfbundle; includeInIndex = 0; path = PushVCInBackGroundPracticeTests.xctest; sourceTree = BUILT_PRODUCTS_DIR; };
		45E239801F18909500A8558A /* PushVCInBackGroundPracticeTests.swift */ = {isa = PBXFileReference; lastKnownFileType = sourcecode.swift; path = PushVCInBackGroundPracticeTests.swift; sourceTree = "<group>"; };
		45E239821F18909500A8558A /* Info.plist */ = {isa = PBXFileReference; lastKnownFileType = text.plist.xml; path = Info.plist; sourceTree = "<group>"; };
		45E239871F18909500A8558A /* PushVCInBackGroundPracticeUITests.xctest */ = {isa = PBXFileReference; explicitFileType = wrapper.cfbundle; includeInIndex = 0; path = PushVCInBackGroundPracticeUITests.xctest; sourceTree = BUILT_PRODUCTS_DIR; };
		45E2398B1F18909500A8558A /* PushVCInBackGroundPracticeUITests.swift */ = {isa = PBXFileReference; lastKnownFileType = sourcecode.swift; path = PushVCInBackGroundPracticeUITests.swift; sourceTree = "<group>"; };
		45E2398D1F18909500A8558A /* Info.plist */ = {isa = PBXFileReference; lastKnownFileType = text.plist.xml; path = Info.plist; sourceTree = "<group>"; };
/* End PBXFileReference section */

/* Begin PBXFrameworksBuildPhase section */
		45E239651F18909400A8558A /* Frameworks */ = {
			isa = PBXFrameworksBuildPhase;
			buildActionMask = 2147483647;
			files = (
			);
			runOnlyForDeploymentPostprocessing = 0;
		};
		45E239791F18909500A8558A /* Frameworks */ = {
			isa = PBXFrameworksBuildPhase;
			buildActionMask = 2147483647;
			files = (
			);
			runOnlyForDeploymentPostprocessing = 0;
		};
		45E239841F18909500A8558A /* Frameworks */ = {
			isa = PBXFrameworksBuildPhase;
			buildActionMask = 2147483647;
			files = (
			);
			runOnlyForDeploymentPostprocessing = 0;
		};
/* End PBXFrameworksBuildPhase section */

/* Begin PBXGroup section */
		45E2395F1F18909400A8558A = {
			isa = PBXGroup;
			children = (
				45E2396A1F18909400A8558A /* PushVCInBackGroundPractice */,
				45E2397F1F18909500A8558A /* PushVCInBackGroundPracticeTests */,
				45E2398A1F18909500A8558A /* PushVCInBackGroundPracticeUITests */,
				45E239691F18909400A8558A /* Products */,
			);
			sourceTree = "<group>";
		};
		45E239691F18909400A8558A /* Products */ = {
			isa = PBXGroup;
			children = (
				45E239681F18909400A8558A /* PushVCInBackGroundPractice.app */,
				45E2397C1F18909500A8558A /* PushVCInBackGroundPracticeTests.xctest */,
				45E239871F18909500A8558A /* PushVCInBackGroundPracticeUITests.xctest */,
			);
			name = Products;
			sourceTree = "<group>";
		};
		45E2396A1F18909400A8558A /* PushVCInBackGroundPractice */ = {
			isa = PBXGroup;
			children = (
				45E2396B1F18909400A8558A /* AppDelegate.swift */,
				45E2396D1F18909400A8558A /* ViewController.swift */,
				45E2396F1F18909400A8558A /* Main.storyboard */,
				45E239721F18909400A8558A /* Assets.xcassets */,
				45E239741F18909400A8558A /* LaunchScreen.storyboard */,
				45E239771F18909500A8558A /* Info.plist */,
			);
			path = PushVCInBackGroundPractice;
			sourceTree = "<group>";
		};
		45E2397F1F18909500A8558A /* PushVCInBackGroundPracticeTests */ = {
			isa = PBXGroup;
			children = (
				45E239801F18909500A8558A /* PushVCInBackGroundPracticeTests.swift */,
				45E239821F18909500A8558A /* Info.plist */,
			);
			path = PushVCInBackGroundPracticeTests;
			sourceTree = "<group>";
		};
		45E2398A1F18909500A8558A /* PushVCInBackGroundPracticeUITests */ = {
			isa = PBXGroup;
			children = (
				45E2398B1F18909500A8558A /* PushVCInBackGroundPracticeUITests.swift */,
				45E2398D1F18909500A8558A /* Info.plist */,
			);
			path = PushVCInBackGroundPracticeUITests;
			sourceTree = "<group>";
		};
/* End PBXGroup section */

/* Begin PBXNativeTarget section */
		45E239671F18909400A8558A /* PushVCInBackGroundPractice */ = {
			isa = PBXNativeTarget;
			buildConfigurationList = 45E239901F18909500A8558A /* Build configuration list for PBXNativeTarget "PushVCInBackGroundPractice" */;
			buildPhases = (
				45E239641F18909400A8558A /* Sources */,
				45E239651F18909400A8558A /* Frameworks */,
				45E239661F18909400A8558A /* Resources */,
			);
			buildRules = (
			);
			dependencies = (
			);
			name = PushVCInBackGroundPractice;
			productName = PushVCInBackGroundPractice;
			productReference = 45E239681F18909400A8558A /* PushVCInBackGroundPractice.app */;
			productType = "com.apple.product-type.application";
		};
		45E2397B1F18909500A8558A /* PushVCInBackGroundPracticeTests */ = {
			isa = PBXNativeTarget;
			buildConfigurationList = 45E239931F18909500A8558A /* Build configuration list for PBXNativeTarget "PushVCInBackGroundPracticeTests" */;
			buildPhases = (
				45E239781F18909500A8558A /* Sources */,
				45E239791F18909500A8558A /* Frameworks */,
				45E2397A1F18909500A8558A /* Resources */,
			);
			buildRules = (
			);
			dependencies = (
				45E2397E1F18909500A8558A /* PBXTargetDependency */,
			);
			name = PushVCInBackGroundPracticeTests;
			productName = PushVCInBackGroundPracticeTests;
			productReference = 45E2397C1F18909500A8558A /* PushVCInBackGroundPracticeTests.xctest */;
			productType = "com.apple.product-type.bundle.unit-test";
		};
		45E239861F18909500A8558A /* PushVCInBackGroundPracticeUITests */ = {
			isa = PBXNativeTarget;
			buildConfigurationList = 45E239961F18909500A8558A /* Build configuration list for PBXNativeTarget "PushVCInBackGroundPracticeUITests" */;
			buildPhases = (
				45E239831F18909500A8558A /* Sources */,
				45E239841F18909500A8558A /* Frameworks */,
				45E239851F18909500A8558A /* Resources */,
			);
			buildRules = (
			);
			dependencies = (
				45E239891F18909500A8558A /* PBXTargetDependency */,
			);
			name = PushVCInBackGroundPracticeUITests;
			productName = PushVCInBackGroundPracticeUITests;
			productReference = 45E239871F18909500A8558A /* PushVCInBackGroundPracticeUITests.xctest */;
			productType = "com.apple.product-type.bundle.ui-testing";
		};
/* End PBXNativeTarget section */

/* Begin PBXProject section */
		45E239601F18909400A8558A /* Project object */ = {
			isa = PBXProject;
			attributes = {
				LastSwiftUpdateCheck = 0830;
				LastUpgradeCheck = 0830;
				ORGANIZATIONNAME = "Keisei Saito";
				TargetAttributes = {
					45E239671F18909400A8558A = {
						CreatedOnToolsVersion = 8.3.3;
						DevelopmentTeam = ZLP777QDS4;
						ProvisioningStyle = Automatic;
					};
					45E2397B1F18909500A8558A = {
						CreatedOnToolsVersion = 8.3.3;
						DevelopmentTeam = ZLP777QDS4;
						ProvisioningStyle = Automatic;
						TestTargetID = 45E239671F18909400A8558A;
					};
					45E239861F18909500A8558A = {
						CreatedOnToolsVersion = 8.3.3;
						DevelopmentTeam = ZLP777QDS4;
						ProvisioningStyle = Automatic;
						TestTargetID = 45E239671F18909400A8558A;
					};
				};
			};
			buildConfigurationList = 45E239631F18909400A8558A /* Build configuration list for PBXProject "PushVCInBackGroundPractice" */;
			compatibilityVersion = "Xcode 3.2";
			developmentRegion = English;
			hasScannedForEncodings = 0;
			knownRegions = (
				en,
				Base,
			);
			mainGroup = 45E2395F1F18909400A8558A;
			productRefGroup = 45E239691F18909400A8558A /* Products */;
			projectDirPath = "";
			projectRoot = "";
			targets = (
				45E239671F18909400A8558A /* PushVCInBackGroundPractice */,
				45E2397B1F18909500A8558A /* PushVCInBackGroundPracticeTests */,
				45E239861F18909500A8558A /* PushVCInBackGroundPracticeUITests */,
			);
		};
/* End PBXProject section */

/* Begin PBXResourcesBuildPhase section */
		45E239661F18909400A8558A /* Resources */ = {
			isa = PBXResourcesBuildPhase;
			buildActionMask = 2147483647;
			files = (
				45E239761F18909400A8558A /* LaunchScreen.storyboard in Resources */,
				45E239731F18909400A8558A /* Assets.xcassets in Resources */,
				45E239711F18909400A8558A /* Main.storyboard in Resources */,
			);
			runOnlyForDeploymentPostprocessing = 0;
		};
		45E2397A1F18909500A8558A /* Resources */ = {
			isa = PBXResourcesBuildPhase;
			buildActionMask = 2147483647;
			files = (
			);
			runOnlyForDeploymentPostprocessing = 0;
		};
		45E239851F18909500A8558A /* Resources */ = {
			isa = PBXResourcesBuildPhase;
			buildActionMask = 2147483647;
			files = (
			);
			runOnlyForDeploymentPostprocessing = 0;
		};
/* End PBXResourcesBuildPhase section */

/* Begin PBXSourcesBuildPhase section */
		45E239641F18909400A8558A /* Sources */ = {
			isa = PBXSourcesBuildPhase;
			buildActionMask = 2147483647;
			files = (
				45E2396E1F18909400A8558A /* ViewController.swift in Sources */,
				45E2396C1F18909400A8558A /* AppDelegate.swift in Sources */,
			);
			runOnlyForDeploymentPostprocessing = 0;
		};
		45E239781F18909500A8558A /* Sources */ = {
			isa = PBXSourcesBuildPhase;
			buildActionMask = 2147483647;
			files = (
				45E239811F18909500A8558A /* PushVCInBackGroundPracticeTests.swift in Sources */,
			);
			runOnlyForDeploymentPostprocessing = 0;
		};
		45E239831F18909500A8558A /* Sources */ = {
			isa = PBXSourcesBuildPhase;
			buildActionMask = 2147483647;
			files = (
				45E2398C1F18909500A8558A /* PushVCInBackGroundPracticeUITests.swift in Sources */,
			);
			runOnlyForDeploymentPostprocessing = 0;
		};
/* End PBXSourcesBuildPhase section */

/* Begin PBXTargetDependency section */
		45E2397E1F18909500A8558A /* PBXTargetDependency */ = {
			isa = PBXTargetDependency;
			target = 45E239671F18909400A8558A /* PushVCInBackGroundPractice */;
			targetProxy = 45E2397D1F18909500A8558A /* PBXContainerItemProxy */;
		};
		45E239891F18909500A8558A /* PBXTargetDependency */ = {
			isa = PBXTargetDependency;
			target = 45E239671F18909400A8558A /* PushVCInBackGroundPractice */;
			targetProxy = 45E239881F18909500A8558A /* PBXContainerItemProxy */;
		};
/* End PBXTargetDependency section */

/* Begin PBXVariantGroup section */
		45E2396F1F18909400A8558A /* Main.storyboard */ = {
			isa = PBXVariantGroup;
			children = (
				45E239701F18909400A8558A /* Base */,
			);
			name = Main.storyboard;
			sourceTree = "<group>";
		};
		45E239741F18909400A8558A /* LaunchScreen.storyboard */ = {
			isa = PBXVariantGroup;
			children = (
				45E239751F18909400A8558A /* Base */,
			);
			name = LaunchScreen.storyboard;
			sourceTree = "<group>";
		};
/* End PBXVariantGroup section */

/* Begin XCBuildConfiguration section */
		45E2398E1F18909500A8558A /* Debug */ = {
			isa = XCBuildConfiguration;
			buildSettings = {
				ALWAYS_SEARCH_USER_PATHS = NO;
				CLANG_ANALYZER_NONNULL = YES;
				CLANG_ANALYZER_NUMBER_OBJECT_CONVERSION = YES_AGGRESSIVE;
				CLANG_CXX_LANGUAGE_STANDARD = "gnu++0x";
				CLANG_CXX_LIBRARY = "libc++";
				CLANG_ENABLE_MODULES = YES;
				CLANG_ENABLE_OBJC_ARC = YES;
				CLANG_WARN_BOOL_CONVERSION = YES;
				CLANG_WARN_CONSTANT_CONVERSION = YES;
				CLANG_WARN_DIRECT_OBJC_ISA_USAGE = YES_ERROR;
				CLANG_WARN_DOCUMENTATION_COMMENTS = YES;
				CLANG_WARN_EMPTY_BODY = YES;
				CLANG_WARN_ENUM_CONVERSION = YES;
				CLANG_WARN_INFINITE_RECURSION = YES;
				CLANG_WARN_INT_CONVERSION = YES;
				CLANG_WARN_OBJC_ROOT_CLASS = YES_ERROR;
				CLANG_WARN_SUSPICIOUS_MOVE = YES;
				CLANG_WARN_UNREACHABLE_CODE = YES;
				CLANG_WARN__DUPLICATE_METHOD_MATCH = YES;
				"CODE_SIGN_IDENTITY[sdk=iphoneos*]" = "iPhone Developer";
				COPY_PHASE_STRIP = NO;
				DEBUG_INFORMATION_FORMAT = dwarf;
				ENABLE_STRICT_OBJC_MSGSEND = YES;
				ENABLE_TESTABILITY = YES;
				GCC_C_LANGUAGE_STANDARD = gnu99;
				GCC_DYNAMIC_NO_PIC = NO;
				GCC_NO_COMMON_BLOCKS = YES;
				GCC_OPTIMIZATION_LEVEL = 0;
				GCC_PREPROCESSOR_DEFINITIONS = (
					"DEBUG=1",
					"$(inherited)",
				);
				GCC_WARN_64_TO_32_BIT_CONVERSION = YES;
				GCC_WARN_ABOUT_RETURN_TYPE = YES_ERROR;
				GCC_WARN_UNDECLARED_SELECTOR = YES;
				GCC_WARN_UNINITIALIZED_AUTOS = YES_AGGRESSIVE;
				GCC_WARN_UNUSED_FUNCTION = YES;
				GCC_WARN_UNUSED_VARIABLE = YES;
				IPHONEOS_DEPLOYMENT_TARGET = 10.3;
				MTL_ENABLE_DEBUG_INFO = YES;
				ONLY_ACTIVE_ARCH = YES;
				SDKROOT = iphoneos;
				SWIFT_ACTIVE_COMPILATION_CONDITIONS = DEBUG;
				SWIFT_OPTIMIZATION_LEVEL = "-Onone";
				TARGETED_DEVICE_FAMILY = "1,2";
			};
			name = Debug;
		};
		45E2398F1F18909500A8558A /* Release */ = {
			isa = XCBuildConfiguration;
			buildSettings = {
				ALWAYS_SEARCH_USER_PATHS = NO;
				CLANG_ANALYZER_NONNULL = YES;
				CLANG_ANALYZER_NUMBER_OBJECT_CONVERSION = YES_AGGRESSIVE;
				CLANG_CXX_LANGUAGE_STANDARD = "gnu++0x";
				CLANG_CXX_LIBRARY = "libc++";
				CLANG_ENABLE_MODULES = YES;
				CLANG_ENABLE_OBJC_ARC = YES;
				CLANG_WARN_BOOL_CONVERSION = YES;
				CLANG_WARN_CONSTANT_CONVERSION = YES;
				CLANG_WARN_DIRECT_OBJC_ISA_USAGE = YES_ERROR;
				CLANG_WARN_DOCUMENTATION_COMMENTS = YES;
				CLANG_WARN_EMPTY_BODY = YES;
				CLANG_WARN_ENUM_CONVERSION = YES;
				CLANG_WARN_INFINITE_RECURSION = YES;
				CLANG_WARN_INT_CONVERSION = YES;
				CLANG_WARN_OBJC_ROOT_CLASS = YES_ERROR;
				CLANG_WARN_SUSPICIOUS_MOVE = YES;
				CLANG_WARN_UNREACHABLE_CODE = YES;
				CLANG_WARN__DUPLICATE_METHOD_MATCH = YES;
				"CODE_SIGN_IDENTITY[sdk=iphoneos*]" = "iPhone Developer";
				COPY_PHASE_STRIP = NO;
				DEBUG_INFORMATION_FORMAT = "dwarf-with-dsym";
				ENABLE_NS_ASSERTIONS = NO;
				ENABLE_STRICT_OBJC_MSGSEND = YES;
				GCC_C_LANGUAGE_STANDARD = gnu99;
				GCC_NO_COMMON_BLOCKS = YES;
				GCC_WARN_64_TO_32_BIT_CONVERSION = YES;
				GCC_WARN_ABOUT_RETURN_TYPE = YES_ERROR;
				GCC_WARN_UNDECLARED_SELECTOR = YES;
				GCC_WARN_UNINITIALIZED_AUTOS = YES_AGGRESSIVE;
				GCC_WARN_UNUSED_FUNCTION = YES;
				GCC_WARN_UNUSED_VARIABLE = YES;
				IPHONEOS_DEPLOYMENT_TARGET = 10.3;
				MTL_ENABLE_DEBUG_INFO = NO;
				SDKROOT = iphoneos;
				SWIFT_OPTIMIZATION_LEVEL = "-Owholemodule";
				TARGETED_DEVICE_FAMILY = "1,2";
				VALIDATE_PRODUCT = YES;
			};
			name = Release;
		};
		45E239911F18909500A8558A /* Debug */ = {
			isa = XCBuildConfiguration;
			buildSettings = {
				ASSETCATALOG_COMPILER_APPICON_NAME = AppIcon;
				DEVELOPMENT_TEAM = ZLP777QDS4;
				INFOPLIST_FILE = PushVCInBackGroundPractice/Info.plist;
				LD_RUNPATH_SEARCH_PATHS = "$(inherited) @executable_path/Frameworks";
				PRODUCT_BUNDLE_IDENTIFIER = com.miraitoarumachi.PushVCInBackGroundPractice;
				PRODUCT_NAME = "$(TARGET_NAME)";
				SWIFT_VERSION = 3.0;
			};
			name = Debug;
		};
		45E239921F18909500A8558A /* Release */ = {
			isa = XCBuildConfiguration;
			buildSettings = {
				ASSETCATALOG_COMPILER_APPICON_NAME = AppIcon;
				DEVELOPMENT_TEAM = ZLP777QDS4;
				INFOPLIST_FILE = PushVCInBackGroundPractice/Info.plist;
				LD_RUNPATH_SEARCH_PATHS = "$(inherited) @executable_path/Frameworks";
				PRODUCT_BUNDLE_IDENTIFIER = com.miraitoarumachi.PushVCInBackGroundPractice;
				PRODUCT_NAME = "$(TARGET_NAME)";
				SWIFT_VERSION = 3.0;
			};
			name = Release;
		};
		45E239941F18909500A8558A /* Debug */ = {
			isa = XCBuildConfiguration;
			buildSettings = {
				ALWAYS_EMBED_SWIFT_STANDARD_LIBRARIES = YES;
				BUNDLE_LOADER = "$(TEST_HOST)";
				DEVELOPMENT_TEAM = ZLP777QDS4;
				INFOPLIST_FILE = PushVCInBackGroundPracticeTests/Info.plist;
				LD_RUNPATH_SEARCH_PATHS = "$(inherited) @executable_path/Frameworks @loader_path/Frameworks";
				PRODUCT_BUNDLE_IDENTIFIER = com.miraitoarumachi.PushVCInBackGroundPracticeTests;
				PRODUCT_NAME = "$(TARGET_NAME)";
				SWIFT_VERSION = 3.0;
				TEST_HOST = "$(BUILT_PRODUCTS_DIR)/PushVCInBackGroundPractice.app/PushVCInBackGroundPractice";
			};
			name = Debug;
		};
		45E239951F18909500A8558A /* Release */ = {
			isa = XCBuildConfiguration;
			buildSettings = {
				ALWAYS_EMBED_SWIFT_STANDARD_LIBRARIES = YES;
				BUNDLE_LOADER = "$(TEST_HOST)";
				DEVELOPMENT_TEAM = ZLP777QDS4;
				INFOPLIST_FILE = PushVCInBackGroundPracticeTests/Info.plist;
				LD_RUNPATH_SEARCH_PATHS = "$(inherited) @executable_path/Frameworks @loader_path/Frameworks";
				PRODUCT_BUNDLE_IDENTIFIER = com.miraitoarumachi.PushVCInBackGroundPracticeTests;
				PRODUCT_NAME = "$(TARGET_NAME)";
				SWIFT_VERSION = 3.0;
				TEST_HOST = "$(BUILT_PRODUCTS_DIR)/PushVCInBackGroundPractice.app/PushVCInBackGroundPractice";
			};
			name = Release;
		};
		45E239971F18909500A8558A /* Debug */ = {
			isa = XCBuildConfiguration;
			buildSettings = {
				ALWAYS_EMBED_SWIFT_STANDARD_LIBRARIES = YES;
				DEVELOPMENT_TEAM = ZLP777QDS4;
				INFOPLIST_FILE = PushVCInBackGroundPracticeUITests/Info.plist;
				LD_RUNPATH_SEARCH_PATHS = "$(inherited) @executable_path/Frameworks @loader_path/Frameworks";
				PRODUCT_BUNDLE_IDENTIFIER = com.miraitoarumachi.PushVCInBackGroundPracticeUITests;
				PRODUCT_NAME = "$(TARGET_NAME)";
				SWIFT_VERSION = 3.0;
				TEST_TARGET_NAME = PushVCInBackGroundPractice;
			};
			name = Debug;
		};
		45E239981F18909500A8558A /* Release */ = {
			isa = XCBuildConfiguration;
			buildSettings = {
				ALWAYS_EMBED_SWIFT_STANDARD_LIBRARIES = YES;
				DEVELOPMENT_TEAM = ZLP777QDS4;
				INFOPLIST_FILE = PushVCInBackGroundPracticeUITests/Info.plist;
				LD_RUNPATH_SEARCH_PATHS = "$(inherited) @executable_path/Frameworks @loader_path/Frameworks";
				PRODUCT_BUNDLE_IDENTIFIER = com.miraitoarumachi.PushVCInBackGroundPracticeUITests;
				PRODUCT_NAME = "$(TARGET_NAME)";
				SWIFT_VERSION = 3.0;
				TEST_TARGET_NAME = PushVCInBackGroundPractice;
			};
			name = Release;
		};
/* End XCBuildConfiguration section */

/* Begin XCConfigurationList section */
		45E239631F18909400A8558A /* Build configuration list for PBXProject "PushVCInBackGroundPractice" */ = {
			isa = XCConfigurationList;
			buildConfigurations = (
				45E2398E1F18909500A8558A /* Debug */,
				45E2398F1F18909500A8558A /* Release */,
			);
			defaultConfigurationIsVisible = 0;
			defaultConfigurationName = Release;
		};
		45E239901F18909500A8558A /* Build configuration list for PBXNativeTarget "PushVCInBackGroundPractice" */ = {
			isa = XCConfigurationList;
			buildConfigurations = (
				45E239911F18909500A8558A /* Debug */,
				45E239921F18909500A8558A /* Release */,
			);
			defaultConfigurationIsVisible = 0;
		};
		45E239931F18909500A8558A /* Build configuration list for PBXNativeTarget "PushVCInBackGroundPracticeTests" */ = {
			isa = XCConfigurationList;
			buildConfigurations = (
				45E239941F18909500A8558A /* Debug */,
				45E239951F18909500A8558A /* Release */,
			);
			defaultConfigurationIsVisible = 0;
		};
		45E239961F18909500A8558A /* Build configuration list for PBXNativeTarget "PushVCInBackGroundPracticeUITests" */ = {
			isa = XCConfigurationList;
			buildConfigurations = (
				45E239971F18909500A8558A /* Debug */,
				45E239981F18909500A8558A /* Release */,
			);
			defaultConfigurationIsVisible = 0;
		};
/* End XCConfigurationList section */
	};
	rootObject = 45E239601F18909400A8558A /* Project object */;
}
